
Microsoft Visual Studio Solution File, Format Version 12.00
# Visual Studio Version 17
VisualStudioVersion = 17.2.32616.157
MinimumVisualStudioVersion = 10.0.40219.1
Project("{FAE04EC0-301F-11D3-BF4B-00C04F79EFBC}") = "Getting Started1", "Getting Started1\Getting Started1.csproj", "{9121F289-83FE-4548-B82F-0D75E50B3044}"
EndProject
Global
	GlobalSection(SolutionConfigurationPlatforms) = preSolution
		Debug|Any CPU = Debug|Any CPU
		Release|Any CPU = Release|Any CPU
	EndGlobalSection
	GlobalSection(ProjectConfigurationPlatforms) = postSolution
		{9121F289-83FE-4548-B82F-0D75E50B3044}.Debug|Any CPU.ActiveCfg = Debug|Any CPU
		{9121F289-83FE-4548-B82F-0D75E50B3044}.Debug|Any CPU.Build.0 = Debug|Any CPU
		{9121F289-83FE-4548-B82F-0D75E50B3044}.Release|Any CPU.ActiveCfg = Release|Any CPU
		{9121F289-83FE-4548-B82F-0D75E50B3044}.Release|Any CPU.Build.0 = Release|Any CPU
	EndGlobalSection
	GlobalSection(SolutionProperties) = preSolution
		HideSolutionNode = FALSE
	EndGlobalSection
	GlobalSection(ExtensibilityGlobals) = postSolution
		SolutionGuid = {2CCE20B7-0F97-4965-8D7F-0432296B6FAF}
	EndGlobalSection
EndGlobal
